// !$*UTF8*$!
{
	archiveVersion = 1;
	classes = {
	};
	objectVersion = 56;
	objects = {

/* Begin PBXBuildFile section */
		3E0525C22C156D270037EF35 /* MyPageView.swift in Sources */ = {isa = PBXBuildFile; fileRef = 3E0525C12C156D270037EF35 /* MyPageView.swift */; };
		3E0525C52C1584C00037EF35 /* ProfileEditView.swift in Sources */ = {isa = PBXBuildFile; fileRef = 3E0525C42C1584C00037EF35 /* ProfileEditView.swift */; };
		3E0525C82C15957C0037EF35 /* MapView.swift in Sources */ = {isa = PBXBuildFile; fileRef = 3E0525C72C15957C0037EF35 /* MapView.swift */; };
		3E0525CF2C15F0000037EF35 /* FavoriteProductsView.swift in Sources */ = {isa = PBXBuildFile; fileRef = 3E0525CE2C15F0000037EF35 /* FavoriteProductsView.swift */; };
		3E0525D12C15F0420037EF35 /* FavoriteMarketsView.swift in Sources */ = {isa = PBXBuildFile; fileRef = 3E0525D02C15F0420037EF35 /* FavoriteMarketsView.swift */; };
		3E8BC5A82C11E6B8003320F1 /* MarketDetailView.swift in Sources */ = {isa = PBXBuildFile; fileRef = 3E8BC5A72C11E6B8003320F1 /* MarketDetailView.swift */; };
		3E8BC5AA2C11FB18003320F1 /* ProductDetailView.swift in Sources */ = {isa = PBXBuildFile; fileRef = 3E8BC5A92C11FB18003320F1 /* ProductDetailView.swift */; };
		3E8BC5AD2C143578003320F1 /* FilterView.swift in Sources */ = {isa = PBXBuildFile; fileRef = 3E8BC5AC2C143578003320F1 /* FilterView.swift */; };
		3E8BC5B52C144BAD003320F1 /* CustomRangeSlider.swift in Sources */ = {isa = PBXBuildFile; fileRef = 3E8BC5B42C144BAD003320F1 /* CustomRangeSlider.swift */; };
		3E8BC5B82C146492003320F1 /* SearchResultsView.swift in Sources */ = {isa = PBXBuildFile; fileRef = 3E8BC5B72C146492003320F1 /* SearchResultsView.swift */; };
		3E9AA0522C118DF80099E093 /* BloomApp.swift in Sources */ = {isa = PBXBuildFile; fileRef = 3E9AA0512C118DF80099E093 /* BloomApp.swift */; };
		3E9AA0542C118DF80099E093 /* ContentView.swift in Sources */ = {isa = PBXBuildFile; fileRef = 3E9AA0532C118DF80099E093 /* ContentView.swift */; };
		3E9AA0562C118DFA0099E093 /* Assets.xcassets in Resources */ = {isa = PBXBuildFile; fileRef = 3E9AA0552C118DFA0099E093 /* Assets.xcassets */; };
		3E9AA0592C118DFA0099E093 /* Preview Assets.xcassets in Resources */ = {isa = PBXBuildFile; fileRef = 3E9AA0582C118DFA0099E093 /* Preview Assets.xcassets */; };
		3E9AA0632C11A1E00099E093 /* User.swift in Sources */ = {isa = PBXBuildFile; fileRef = 3E9AA0622C11A1E00099E093 /* User.swift */; };
		3E9AA0652C11A1EC0099E093 /* Flower.swift in Sources */ = {isa = PBXBuildFile; fileRef = 3E9AA0642C11A1EC0099E093 /* Flower.swift */; };
		3E9AA0672C11A1FD0099E093 /* Market.swift in Sources */ = {isa = PBXBuildFile; fileRef = 3E9AA0662C11A1FD0099E093 /* Market.swift */; };
		3E9AA06B2C11A2230099E093 /* Color+Extensions.swift in Sources */ = {isa = PBXBuildFile; fileRef = 3E9AA06A2C11A2230099E093 /* Color+Extensions.swift */; };
		3E9AA0702C11A3A30099E093 /* Font+Extensions.swift in Sources */ = {isa = PBXBuildFile; fileRef = 3E9AA06F2C11A3A30099E093 /* Font+Extensions.swift */; };
		3E9AA07B2C11A3CC0099E093 /* Pretendard-ExtraLight.ttf in Resources */ = {isa = PBXBuildFile; fileRef = 3E9AA0722C11A3CB0099E093 /* Pretendard-ExtraLight.ttf */; };
		3E9AA07C2C11A3CC0099E093 /* Pretendard-Thin.ttf in Resources */ = {isa = PBXBuildFile; fileRef = 3E9AA0732C11A3CB0099E093 /* Pretendard-Thin.ttf */; };
		3E9AA07D2C11A3CC0099E093 /* Pretendard-Bold.ttf in Resources */ = {isa = PBXBuildFile; fileRef = 3E9AA0742C11A3CB0099E093 /* Pretendard-Bold.ttf */; };
		3E9AA07E2C11A3CC0099E093 /* Pretendard-ExtraBold.ttf in Resources */ = {isa = PBXBuildFile; fileRef = 3E9AA0752C11A3CB0099E093 /* Pretendard-ExtraBold.ttf */; };
		3E9AA07F2C11A3CC0099E093 /* Pretendard-Medium.ttf in Resources */ = {isa = PBXBuildFile; fileRef = 3E9AA0762C11A3CB0099E093 /* Pretendard-Medium.ttf */; };
		3E9AA0802C11A3CC0099E093 /* Pretendard-SemiBold.ttf in Resources */ = {isa = PBXBuildFile; fileRef = 3E9AA0772C11A3CC0099E093 /* Pretendard-SemiBold.ttf */; };
		3E9AA0812C11A3CC0099E093 /* Pretendard-Regular.ttf in Resources */ = {isa = PBXBuildFile; fileRef = 3E9AA0782C11A3CC0099E093 /* Pretendard-Regular.ttf */; };
		3E9AA0822C11A3CC0099E093 /* Pretendard-Light.ttf in Resources */ = {isa = PBXBuildFile; fileRef = 3E9AA0792C11A3CC0099E093 /* Pretendard-Light.ttf */; };
		3E9AA0832C11A3CC0099E093 /* Pretendard-Black.ttf in Resources */ = {isa = PBXBuildFile; fileRef = 3E9AA07A2C11A3CC0099E093 /* Pretendard-Black.ttf */; };
		3E9AA0882C11A7B20099E093 /* HomeView.swift in Sources */ = {isa = PBXBuildFile; fileRef = 3E9AA0872C11A7B20099E093 /* HomeView.swift */; };
		3EA96E932C16994600E29A3D /* MarketProductsView.swift in Sources */ = {isa = PBXBuildFile; fileRef = 3EA96E922C16994600E29A3D /* MarketProductsView.swift */; };
		3EA96E962C16A12D00E29A3D /* LoginView.swift in Sources */ = {isa = PBXBuildFile; fileRef = 3EA96E952C16A12D00E29A3D /* LoginView.swift */; };
/* End PBXBuildFile section */

/* Begin PBXFileReference section */
		3E0525C12C156D270037EF35 /* MyPageView.swift */ = {isa = PBXFileReference; lastKnownFileType = sourcecode.swift; path = MyPageView.swift; sourceTree = "<group>"; };
		3E0525C42C1584C00037EF35 /* ProfileEditView.swift */ = {isa = PBXFileReference; lastKnownFileType = sourcecode.swift; path = ProfileEditView.swift; sourceTree = "<group>"; };
		3E0525C72C15957C0037EF35 /* MapView.swift */ = {isa = PBXFileReference; lastKnownFileType = sourcecode.swift; path = MapView.swift; sourceTree = "<group>"; };
		3E0525CE2C15F0000037EF35 /* FavoriteProductsView.swift */ = {isa = PBXFileReference; lastKnownFileType = sourcecode.swift; path = FavoriteProductsView.swift; sourceTree = "<group>"; };
		3E0525D02C15F0420037EF35 /* FavoriteMarketsView.swift */ = {isa = PBXFileReference; lastKnownFileType = sourcecode.swift; path = FavoriteMarketsView.swift; sourceTree = "<group>"; };
		3E8BC5A72C11E6B8003320F1 /* MarketDetailView.swift */ = {isa = PBXFileReference; lastKnownFileType = sourcecode.swift; path = MarketDetailView.swift; sourceTree = "<group>"; };
		3E8BC5A92C11FB18003320F1 /* ProductDetailView.swift */ = {isa = PBXFileReference; lastKnownFileType = sourcecode.swift; path = ProductDetailView.swift; sourceTree = "<group>"; };
		3E8BC5AC2C143578003320F1 /* FilterView.swift */ = {isa = PBXFileReference; lastKnownFileType = sourcecode.swift; path = FilterView.swift; sourceTree = "<group>"; };
		3E8BC5B42C144BAD003320F1 /* CustomRangeSlider.swift */ = {isa = PBXFileReference; lastKnownFileType = sourcecode.swift; path = CustomRangeSlider.swift; sourceTree = "<group>"; };
		3E8BC5B72C146492003320F1 /* SearchResultsView.swift */ = {isa = PBXFileReference; lastKnownFileType = sourcecode.swift; path = SearchResultsView.swift; sourceTree = "<group>"; };
		3E9AA04E2C118DF80099E093 /* Bloom.app */ = {isa = PBXFileReference; explicitFileType = wrapper.application; includeInIndex = 0; path = Bloom.app; sourceTree = BUILT_PRODUCTS_DIR; };
		3E9AA0512C118DF80099E093 /* BloomApp.swift */ = {isa = PBXFileReference; lastKnownFileType = sourcecode.swift; path = BloomApp.swift; sourceTree = "<group>"; };
		3E9AA0532C118DF80099E093 /* ContentView.swift */ = {isa = PBXFileReference; lastKnownFileType = sourcecode.swift; path = ContentView.swift; sourceTree = "<group>"; };
		3E9AA0552C118DFA0099E093 /* Assets.xcassets */ = {isa = PBXFileReference; lastKnownFileType = folder.assetcatalog; path = Assets.xcassets; sourceTree = "<group>"; };
		3E9AA0582C118DFA0099E093 /* Preview Assets.xcassets */ = {isa = PBXFileReference; lastKnownFileType = folder.assetcatalog; path = "Preview Assets.xcassets"; sourceTree = "<group>"; };
		3E9AA0622C11A1E00099E093 /* User.swift */ = {isa = PBXFileReference; lastKnownFileType = sourcecode.swift; path = User.swift; sourceTree = "<group>"; };
		3E9AA0642C11A1EC0099E093 /* Flower.swift */ = {isa = PBXFileReference; lastKnownFileType = sourcecode.swift; path = Flower.swift; sourceTree = "<group>"; };
		3E9AA0662C11A1FD0099E093 /* Market.swift */ = {isa = PBXFileReference; lastKnownFileType = sourcecode.swift; path = Market.swift; sourceTree = "<group>"; };
		3E9AA06A2C11A2230099E093 /* Color+Extensions.swift */ = {isa = PBXFileReference; lastKnownFileType = sourcecode.swift; path = "Color+Extensions.swift"; sourceTree = "<group>"; };
		3E9AA06F2C11A3A30099E093 /* Font+Extensions.swift */ = {isa = PBXFileReference; lastKnownFileType = sourcecode.swift; path = "Font+Extensions.swift"; sourceTree = "<group>"; };
		3E9AA0722C11A3CB0099E093 /* Pretendard-ExtraLight.ttf */ = {isa = PBXFileReference; lastKnownFileType = file; path = "Pretendard-ExtraLight.ttf"; sourceTree = "<group>"; };
		3E9AA0732C11A3CB0099E093 /* Pretendard-Thin.ttf */ = {isa = PBXFileReference; lastKnownFileType = file; path = "Pretendard-Thin.ttf"; sourceTree = "<group>"; };
		3E9AA0742C11A3CB0099E093 /* Pretendard-Bold.ttf */ = {isa = PBXFileReference; lastKnownFileType = file; path = "Pretendard-Bold.ttf"; sourceTree = "<group>"; };
		3E9AA0752C11A3CB0099E093 /* Pretendard-ExtraBold.ttf */ = {isa = PBXFileReference; lastKnownFileType = file; path = "Pretendard-ExtraBold.ttf"; sourceTree = "<group>"; };
		3E9AA0762C11A3CB0099E093 /* Pretendard-Medium.ttf */ = {isa = PBXFileReference; lastKnownFileType = file; path = "Pretendard-Medium.ttf"; sourceTree = "<group>"; };
		3E9AA0772C11A3CC0099E093 /* Pretendard-SemiBold.ttf */ = {isa = PBXFileReference; lastKnownFileType = file; path = "Pretendard-SemiBold.ttf"; sourceTree = "<group>"; };
		3E9AA0782C11A3CC0099E093 /* Pretendard-Regular.ttf */ = {isa = PBXFileReference; lastKnownFileType = file; path = "Pretendard-Regular.ttf"; sourceTree = "<group>"; };
		3E9AA0792C11A3CC0099E093 /* Pretendard-Light.ttf */ = {isa = PBXFileReference; lastKnownFileType = file; path = "Pretendard-Light.ttf"; sourceTree = "<group>"; };
		3E9AA07A2C11A3CC0099E093 /* Pretendard-Black.ttf */ = {isa = PBXFileReference; lastKnownFileType = file; path = "Pretendard-Black.ttf"; sourceTree = "<group>"; };
		3E9AA0842C11A4220099E093 /* Info.plist */ = {isa = PBXFileReference; lastKnownFileType = text.plist; path = Info.plist; sourceTree = "<group>"; };
		3E9AA0872C11A7B20099E093 /* HomeView.swift */ = {isa = PBXFileReference; lastKnownFileType = sourcecode.swift; path = HomeView.swift; sourceTree = "<group>"; };
		3EA96E922C16994600E29A3D /* MarketProductsView.swift */ = {isa = PBXFileReference; lastKnownFileType = sourcecode.swift; path = MarketProductsView.swift; sourceTree = "<group>"; };
		3EA96E952C16A12D00E29A3D /* LoginView.swift */ = {isa = PBXFileReference; lastKnownFileType = sourcecode.swift; path = LoginView.swift; sourceTree = "<group>"; };
		3EA96E972C16A1A500E29A3D /* BloomDebug.entitlements */ = {isa = PBXFileReference; lastKnownFileType = text.plist.entitlements; path = BloomDebug.entitlements; sourceTree = "<group>"; };
/* End PBXFileReference section */

/* Begin PBXFrameworksBuildPhase section */
		3E9AA04B2C118DF80099E093 /* Frameworks */ = {
			isa = PBXFrameworksBuildPhase;
			buildActionMask = 2147483647;
			files = (
			);
			runOnlyForDeploymentPostprocessing = 0;
		};
/* End PBXFrameworksBuildPhase section */

/* Begin PBXGroup section */
		3E0525C02C156CF40037EF35 /* MyPage */ = {
			isa = PBXGroup;
			children = (
				3E0525C12C156D270037EF35 /* MyPageView.swift */,
			);
			path = MyPage;
			sourceTree = "<group>";
		};
		3E0525C32C1584790037EF35 /* ProfileEdit */ = {
			isa = PBXGroup;
			children = (
				3E0525C42C1584C00037EF35 /* ProfileEditView.swift */,
			);
			path = ProfileEdit;
			sourceTree = "<group>";
		};
		3E0525C62C1595580037EF35 /* Map */ = {
			isa = PBXGroup;
			children = (
				3E0525C72C15957C0037EF35 /* MapView.swift */,
			);
			path = Map;
			sourceTree = "<group>";
		};
		3E0525CD2C15EFEB0037EF35 /* Favorites */ = {
			isa = PBXGroup;
			children = (
				3E0525CE2C15F0000037EF35 /* FavoriteProductsView.swift */,
				3E0525D02C15F0420037EF35 /* FavoriteMarketsView.swift */,
			);
			path = Favorites;
			sourceTree = "<group>";
		};
		3E1B66EB2C12E94900305F5A /* Common */ = {
			isa = PBXGroup;
			children = (
			);
			path = Common;
			sourceTree = "<group>";
		};
		3E8BC5A52C11E64C003320F1 /* MarketDetail */ = {
			isa = PBXGroup;
			children = (
				3E8BC5A72C11E6B8003320F1 /* MarketDetailView.swift */,
			);
			path = MarketDetail;
			sourceTree = "<group>";
		};
		3E8BC5A62C11E690003320F1 /* ProductDetail */ = {
			isa = PBXGroup;
			children = (
				3E8BC5A92C11FB18003320F1 /* ProductDetailView.swift */,
			);
			path = ProductDetail;
			sourceTree = "<group>";
		};
		3E8BC5AB2C143557003320F1 /* Filter */ = {
			isa = PBXGroup;
			children = (
				3E8BC5AC2C143578003320F1 /* FilterView.swift */,
				3E8BC5B42C144BAD003320F1 /* CustomRangeSlider.swift */,
			);
			path = Filter;
			sourceTree = "<group>";
		};
		3E8BC5B62C146471003320F1 /* SearchResults */ = {
			isa = PBXGroup;
			children = (
				3E8BC5B72C146492003320F1 /* SearchResultsView.swift */,
			);
			path = SearchResults;
			sourceTree = "<group>";
		};
		3E9AA0452C118DF80099E093 = {
			isa = PBXGroup;
			children = (
				3E9AA0502C118DF80099E093 /* Bloom */,
				3E9AA04F2C118DF80099E093 /* Products */,
			);
			sourceTree = "<group>";
		};
		3E9AA04F2C118DF80099E093 /* Products */ = {
			isa = PBXGroup;
			children = (
				3E9AA04E2C118DF80099E093 /* Bloom.app */,
			);
			name = Products;
			sourceTree = "<group>";
		};
		3E9AA0502C118DF80099E093 /* Bloom */ = {
			isa = PBXGroup;
			children = (
				3EA96E972C16A1A500E29A3D /* BloomDebug.entitlements */,
				3E9AA0842C11A4220099E093 /* Info.plist */,
				3E9AA0512C118DF80099E093 /* BloomApp.swift */,
				3E9AA0532C118DF80099E093 /* ContentView.swift */,
				3E9AA0612C11A1D50099E093 /* Models */,
				3E9AA0852C11A7920099E093 /* Views */,
				3E9AA0682C11A2040099E093 /* Utilities */,
				3E9AA06E2C11A2590099E093 /* Resources */,
				3E9AA0552C118DFA0099E093 /* Assets.xcassets */,
				3E9AA0572C118DFA0099E093 /* Preview Content */,
			);
			path = Bloom;
			sourceTree = "<group>";
		};
		3E9AA0572C118DFA0099E093 /* Preview Content */ = {
			isa = PBXGroup;
			children = (
				3E9AA0582C118DFA0099E093 /* Preview Assets.xcassets */,
			);
			path = "Preview Content";
			sourceTree = "<group>";
		};
		3E9AA0612C11A1D50099E093 /* Models */ = {
			isa = PBXGroup;
			children = (
				3E9AA0622C11A1E00099E093 /* User.swift */,
				3E9AA0642C11A1EC0099E093 /* Flower.swift */,
				3E9AA0662C11A1FD0099E093 /* Market.swift */,
			);
			path = Models;
			sourceTree = "<group>";
		};
		3E9AA0682C11A2040099E093 /* Utilities */ = {
			isa = PBXGroup;
			children = (
				3E9AA0692C11A2140099E093 /* Extensions */,
			);
			path = Utilities;
			sourceTree = "<group>";
		};
		3E9AA0692C11A2140099E093 /* Extensions */ = {
			isa = PBXGroup;
			children = (
				3E9AA06A2C11A2230099E093 /* Color+Extensions.swift */,
				3E9AA06F2C11A3A30099E093 /* Font+Extensions.swift */,
			);
			path = Extensions;
			sourceTree = "<group>";
		};
		3E9AA06E2C11A2590099E093 /* Resources */ = {
			isa = PBXGroup;
			children = (
				3E9AA0712C11A3B20099E093 /* Fonts */,
			);
			path = Resources;
			sourceTree = "<group>";
		};
		3E9AA0712C11A3B20099E093 /* Fonts */ = {
			isa = PBXGroup;
			children = (
				3E9AA07A2C11A3CC0099E093 /* Pretendard-Black.ttf */,
				3E9AA0742C11A3CB0099E093 /* Pretendard-Bold.ttf */,
				3E9AA0752C11A3CB0099E093 /* Pretendard-ExtraBold.ttf */,
				3E9AA0722C11A3CB0099E093 /* Pretendard-ExtraLight.ttf */,
				3E9AA0792C11A3CC0099E093 /* Pretendard-Light.ttf */,
				3E9AA0762C11A3CB0099E093 /* Pretendard-Medium.ttf */,
				3E9AA0782C11A3CC0099E093 /* Pretendard-Regular.ttf */,
				3E9AA0772C11A3CC0099E093 /* Pretendard-SemiBold.ttf */,
				3E9AA0732C11A3CB0099E093 /* Pretendard-Thin.ttf */,
			);
			path = Fonts;
			sourceTree = "<group>";
		};
		3E9AA0852C11A7920099E093 /* Views */ = {
			isa = PBXGroup;
			children = (
				3EA96E942C16A11A00E29A3D /* Auth */,
				3E1B66EB2C12E94900305F5A /* Common */,
				3E9AA0862C11A7A80099E093 /* Home */,
				3E0525C62C1595580037EF35 /* Map */,
				3E0525C02C156CF40037EF35 /* MyPage */,
				3E0525C32C1584790037EF35 /* ProfileEdit */,
				3E0525CD2C15EFEB0037EF35 /* Favorites */,
				3E8BC5AB2C143557003320F1 /* Filter */,
				3E8BC5B62C146471003320F1 /* SearchResults */,
				3E8BC5A52C11E64C003320F1 /* MarketDetail */,
				3EA96E902C16991F00E29A3D /* MarketProducts */,
				3E8BC5A62C11E690003320F1 /* ProductDetail */,
			);
			path = Views;
			sourceTree = "<group>";
		};
		3E9AA0862C11A7A80099E093 /* Home */ = {
			isa = PBXGroup;
			children = (
				3E9AA0872C11A7B20099E093 /* HomeView.swift */,
			);
			path = Home;
			sourceTree = "<group>";
		};
		3EA96E902C16991F00E29A3D /* MarketProducts */ = {
			isa = PBXGroup;
			children = (
				3EA96E922C16994600E29A3D /* MarketProductsView.swift */,
			);
			path = MarketProducts;
			sourceTree = "<group>";
		};
		3EA96E942C16A11A00E29A3D /* Auth */ = {
			isa = PBXGroup;
			children = (
				3EA96E952C16A12D00E29A3D /* LoginView.swift */,
			);
			path = Auth;
			sourceTree = "<group>";
		};
/* End PBXGroup section */

/* Begin PBXNativeTarget section */
		3E9AA04D2C118DF80099E093 /* Bloom */ = {
			isa = PBXNativeTarget;
			buildConfigurationList = 3E9AA05C2C118DFA0099E093 /* Build configuration list for PBXNativeTarget "Bloom" */;
			buildPhases = (
				3E9AA04A2C118DF80099E093 /* Sources */,
				3E9AA04B2C118DF80099E093 /* Frameworks */,
				3E9AA04C2C118DF80099E093 /* Resources */,
			);
			buildRules = (
			);
			dependencies = (
			);
			name = Bloom;
			productName = Bloom;
			productReference = 3E9AA04E2C118DF80099E093 /* Bloom.app */;
			productType = "com.apple.product-type.application";
		};
/* End PBXNativeTarget section */

/* Begin PBXProject section */
		3E9AA0462C118DF80099E093 /* Project object */ = {
			isa = PBXProject;
			attributes = {
				BuildIndependentTargetsInParallel = 1;
				LastSwiftUpdateCheck = 1520;
				LastUpgradeCheck = 1520;
				TargetAttributes = {
					3E9AA04D2C118DF80099E093 = {
						CreatedOnToolsVersion = 15.2;
					};
				};
			};
			buildConfigurationList = 3E9AA0492C118DF80099E093 /* Build configuration list for PBXProject "Bloom" */;
			compatibilityVersion = "Xcode 14.0";
			developmentRegion = en;
			hasScannedForEncodings = 0;
			knownRegions = (
				en,
				Base,
			);
			mainGroup = 3E9AA0452C118DF80099E093;
			productRefGroup = 3E9AA04F2C118DF80099E093 /* Products */;
			projectDirPath = "";
			projectRoot = "";
			targets = (
				3E9AA04D2C118DF80099E093 /* Bloom */,
			);
		};
/* End PBXProject section */

/* Begin PBXResourcesBuildPhase section */
		3E9AA04C2C118DF80099E093 /* Resources */ = {
			isa = PBXResourcesBuildPhase;
			buildActionMask = 2147483647;
			files = (
				3E9AA0802C11A3CC0099E093 /* Pretendard-SemiBold.ttf in Resources */,
				3E9AA0832C11A3CC0099E093 /* Pretendard-Black.ttf in Resources */,
				3E9AA07C2C11A3CC0099E093 /* Pretendard-Thin.ttf in Resources */,
				3E9AA07D2C11A3CC0099E093 /* Pretendard-Bold.ttf in Resources */,
				3E9AA07B2C11A3CC0099E093 /* Pretendard-ExtraLight.ttf in Resources */,
				3E9AA07E2C11A3CC0099E093 /* Pretendard-ExtraBold.ttf in Resources */,
				3E9AA0812C11A3CC0099E093 /* Pretendard-Regular.ttf in Resources */,
				3E9AA0592C118DFA0099E093 /* Preview Assets.xcassets in Resources */,
				3E9AA07F2C11A3CC0099E093 /* Pretendard-Medium.ttf in Resources */,
				3E9AA0822C11A3CC0099E093 /* Pretendard-Light.ttf in Resources */,
				3E9AA0562C118DFA0099E093 /* Assets.xcassets in Resources */,
			);
			runOnlyForDeploymentPostprocessing = 0;
		};
/* End PBXResourcesBuildPhase section */

/* Begin PBXSourcesBuildPhase section */
		3E9AA04A2C118DF80099E093 /* Sources */ = {
			isa = PBXSourcesBuildPhase;
			buildActionMask = 2147483647;
			files = (
				3EA96E932C16994600E29A3D /* MarketProductsView.swift in Sources */,
				3E9AA0882C11A7B20099E093 /* HomeView.swift in Sources */,
				3E0525C82C15957C0037EF35 /* MapView.swift in Sources */,
				3E9AA0632C11A1E00099E093 /* User.swift in Sources */,
				3E8BC5B52C144BAD003320F1 /* CustomRangeSlider.swift in Sources */,
				3E0525CF2C15F0000037EF35 /* FavoriteProductsView.swift in Sources */,
				3E8BC5AA2C11FB18003320F1 /* ProductDetailView.swift in Sources */,
				3E0525D12C15F0420037EF35 /* FavoriteMarketsView.swift in Sources */,
				3E9AA0542C118DF80099E093 /* ContentView.swift in Sources */,
				3E8BC5AD2C143578003320F1 /* FilterView.swift in Sources */,
				3E8BC5A82C11E6B8003320F1 /* MarketDetailView.swift in Sources */,
				3E0525C52C1584C00037EF35 /* ProfileEditView.swift in Sources */,
				3E0525C22C156D270037EF35 /* MyPageView.swift in Sources */,
				3E9AA0702C11A3A30099E093 /* Font+Extensions.swift in Sources */,
				3E9AA0652C11A1EC0099E093 /* Flower.swift in Sources */,
				3E8BC5B82C146492003320F1 /* SearchResultsView.swift in Sources */,
				3E9AA06B2C11A2230099E093 /* Color+Extensions.swift in Sources */,
				3E9AA0522C118DF80099E093 /* BloomApp.swift in Sources */,
				3EA96E962C16A12D00E29A3D /* LoginView.swift in Sources */,
				3E9AA0672C11A1FD0099E093 /* Market.swift in Sources */,
			);
			runOnlyForDeploymentPostprocessing = 0;
		};
/* End PBXSourcesBuildPhase section */

/* Begin XCBuildConfiguration section */
		3E9AA05A2C118DFA0099E093 /* Debug */ = {
			isa = XCBuildConfiguration;
			buildSettings = {
				ALWAYS_SEARCH_USER_PATHS = NO;
				ASSETCATALOG_COMPILER_GENERATE_SWIFT_ASSET_SYMBOL_EXTENSIONS = YES;
				CLANG_ANALYZER_NONNULL = YES;
				CLANG_ANALYZER_NUMBER_OBJECT_CONVERSION = YES_AGGRESSIVE;
				CLANG_CXX_LANGUAGE_STANDARD = "gnu++20";
				CLANG_ENABLE_MODULES = YES;
				CLANG_ENABLE_OBJC_ARC = YES;
				CLANG_ENABLE_OBJC_WEAK = YES;
				CLANG_WARN_BLOCK_CAPTURE_AUTORELEASING = YES;
				CLANG_WARN_BOOL_CONVERSION = YES;
				CLANG_WARN_COMMA = YES;
				CLANG_WARN_CONSTANT_CONVERSION = YES;
				CLANG_WARN_DEPRECATED_OBJC_IMPLEMENTATIONS = YES;
				CLANG_WARN_DIRECT_OBJC_ISA_USAGE = YES_ERROR;
				CLANG_WARN_DOCUMENTATION_COMMENTS = YES;
				CLANG_WARN_EMPTY_BODY = YES;
				CLANG_WARN_ENUM_CONVERSION = YES;
				CLANG_WARN_INFINITE_RECURSION = YES;
				CLANG_WARN_INT_CONVERSION = YES;
				CLANG_WARN_NON_LITERAL_NULL_CONVERSION = YES;
				CLANG_WARN_OBJC_IMPLICIT_RETAIN_SELF = YES;
				CLANG_WARN_OBJC_LITERAL_CONVERSION = YES;
				CLANG_WARN_OBJC_ROOT_CLASS = YES_ERROR;
				CLANG_WARN_QUOTED_INCLUDE_IN_FRAMEWORK_HEADER = YES;
				CLANG_WARN_RANGE_LOOP_ANALYSIS = YES;
				CLANG_WARN_STRICT_PROTOTYPES = YES;
				CLANG_WARN_SUSPICIOUS_MOVE = YES;
				CLANG_WARN_UNGUARDED_AVAILABILITY = YES_AGGRESSIVE;
				CLANG_WARN_UNREACHABLE_CODE = YES;
				CLANG_WARN__DUPLICATE_METHOD_MATCH = YES;
				COPY_PHASE_STRIP = NO;
				DEBUG_INFORMATION_FORMAT = dwarf;
				ENABLE_STRICT_OBJC_MSGSEND = YES;
				ENABLE_TESTABILITY = YES;
				ENABLE_USER_SCRIPT_SANDBOXING = YES;
				GCC_C_LANGUAGE_STANDARD = gnu17;
				GCC_DYNAMIC_NO_PIC = NO;
				GCC_NO_COMMON_BLOCKS = YES;
				GCC_OPTIMIZATION_LEVEL = 0;
				GCC_PREPROCESSOR_DEFINITIONS = (
					"DEBUG=1",
					"$(inherited)",
				);
				GCC_WARN_64_TO_32_BIT_CONVERSION = YES;
				GCC_WARN_ABOUT_RETURN_TYPE = YES_ERROR;
				GCC_WARN_UNDECLARED_SELECTOR = YES;
				GCC_WARN_UNINITIALIZED_AUTOS = YES_AGGRESSIVE;
				GCC_WARN_UNUSED_FUNCTION = YES;
				GCC_WARN_UNUSED_VARIABLE = YES;
				IPHONEOS_DEPLOYMENT_TARGET = 17.2;
				LOCALIZATION_PREFERS_STRING_CATALOGS = YES;
				MTL_ENABLE_DEBUG_INFO = INCLUDE_SOURCE;
				MTL_FAST_MATH = YES;
				ONLY_ACTIVE_ARCH = YES;
				SDKROOT = iphoneos;
				SWIFT_ACTIVE_COMPILATION_CONDITIONS = "DEBUG $(inherited)";
				SWIFT_OPTIMIZATION_LEVEL = "-Onone";
			};
			name = Debug;
		};
		3E9AA05B2C118DFA0099E093 /* Release */ = {
			isa = XCBuildConfiguration;
			buildSettings = {
				ALWAYS_SEARCH_USER_PATHS = NO;
				ASSETCATALOG_COMPILER_GENERATE_SWIFT_ASSET_SYMBOL_EXTENSIONS = YES;
				CLANG_ANALYZER_NONNULL = YES;
				CLANG_ANALYZER_NUMBER_OBJECT_CONVERSION = YES_AGGRESSIVE;
				CLANG_CXX_LANGUAGE_STANDARD = "gnu++20";
				CLANG_ENABLE_MODULES = YES;
				CLANG_ENABLE_OBJC_ARC = YES;
				CLANG_ENABLE_OBJC_WEAK = YES;
				CLANG_WARN_BLOCK_CAPTURE_AUTORELEASING = YES;
				CLANG_WARN_BOOL_CONVERSION = YES;
				CLANG_WARN_COMMA = YES;
				CLANG_WARN_CONSTANT_CONVERSION = YES;
				CLANG_WARN_DEPRECATED_OBJC_IMPLEMENTATIONS = YES;
				CLANG_WARN_DIRECT_OBJC_ISA_USAGE = YES_ERROR;
				CLANG_WARN_DOCUMENTATION_COMMENTS = YES;
				CLANG_WARN_EMPTY_BODY = YES;
				CLANG_WARN_ENUM_CONVERSION = YES;
				CLANG_WARN_INFINITE_RECURSION = YES;
				CLANG_WARN_INT_CONVERSION = YES;
				CLANG_WARN_NON_LITERAL_NULL_CONVERSION = YES;
				CLANG_WARN_OBJC_IMPLICIT_RETAIN_SELF = YES;
				CLANG_WARN_OBJC_LITERAL_CONVERSION = YES;
				CLANG_WARN_OBJC_ROOT_CLASS = YES_ERROR;
				CLANG_WARN_QUOTED_INCLUDE_IN_FRAMEWORK_HEADER = YES;
				CLANG_WARN_RANGE_LOOP_ANALYSIS = YES;
				CLANG_WARN_STRICT_PROTOTYPES = YES;
				CLANG_WARN_SUSPICIOUS_MOVE = YES;
				CLANG_WARN_UNGUARDED_AVAILABILITY = YES_AGGRESSIVE;
				CLANG_WARN_UNREACHABLE_CODE = YES;
				CLANG_WARN__DUPLICATE_METHOD_MATCH = YES;
				COPY_PHASE_STRIP = NO;
				DEBUG_INFORMATION_FORMAT = "dwarf-with-dsym";
				ENABLE_NS_ASSERTIONS = NO;
				ENABLE_STRICT_OBJC_MSGSEND = YES;
				ENABLE_USER_SCRIPT_SANDBOXING = YES;
				GCC_C_LANGUAGE_STANDARD = gnu17;
				GCC_NO_COMMON_BLOCKS = YES;
				GCC_WARN_64_TO_32_BIT_CONVERSION = YES;
				GCC_WARN_ABOUT_RETURN_TYPE = YES_ERROR;
				GCC_WARN_UNDECLARED_SELECTOR = YES;
				GCC_WARN_UNINITIALIZED_AUTOS = YES_AGGRESSIVE;
				GCC_WARN_UNUSED_FUNCTION = YES;
				GCC_WARN_UNUSED_VARIABLE = YES;
				IPHONEOS_DEPLOYMENT_TARGET = 17.2;
				LOCALIZATION_PREFERS_STRING_CATALOGS = YES;
				MTL_ENABLE_DEBUG_INFO = NO;
				MTL_FAST_MATH = YES;
				SDKROOT = iphoneos;
				SWIFT_COMPILATION_MODE = wholemodule;
				VALIDATE_PRODUCT = YES;
			};
			name = Release;
		};
		3E9AA05D2C118DFA0099E093 /* Debug */ = {
			isa = XCBuildConfiguration;
			buildSettings = {
				ASSETCATALOG_COMPILER_APPICON_NAME = AppIcon;
				ASSETCATALOG_COMPILER_GLOBAL_ACCENT_COLOR_NAME = AccentColor;
				CODE_SIGN_ENTITLEMENTS = Bloom/BloomDebug.entitlements;
				"CODE_SIGN_IDENTITY[sdk=iphoneos*]" = "iPhone Developer";
				CODE_SIGN_STYLE = Manual;
				CURRENT_PROJECT_VERSION = 1;
				DEVELOPMENT_ASSET_PATHS = "\"Bloom/Preview Content\"";
				DEVELOPMENT_TEAM = "";
				"DEVELOPMENT_TEAM[sdk=iphoneos*]" = CP9THWX4QS;
				ENABLE_PREVIEWS = YES;
				GENERATE_INFOPLIST_FILE = YES;
				INFOPLIST_FILE = Bloom/Info.plist;
				INFOPLIST_KEY_UIApplicationSceneManifest_Generation = YES;
				INFOPLIST_KEY_UIApplicationSupportsIndirectInputEvents = YES;
				INFOPLIST_KEY_UILaunchScreen_Generation = YES;
				INFOPLIST_KEY_UISupportedInterfaceOrientations_iPad = "UIInterfaceOrientationPortrait UIInterfaceOrientationPortraitUpsideDown UIInterfaceOrientationLandscapeLeft UIInterfaceOrientationLandscapeRight";
				INFOPLIST_KEY_UISupportedInterfaceOrientations_iPhone = "UIInterfaceOrientationPortrait UIInterfaceOrientationLandscapeLeft UIInterfaceOrientationLandscapeRight";
				IPHONEOS_DEPLOYMENT_TARGET = 17.2;
				LD_RUNPATH_SEARCH_PATHS = (
					"$(inherited)",
					"@executable_path/Frameworks",
				);
				MARKETING_VERSION = 1.0;
				PRODUCT_BUNDLE_IDENTIFIER = org.kibwa.dsb.Bloom;
				PRODUCT_NAME = "$(TARGET_NAME)";
				PROVISIONING_PROFILE_SPECIFIER = "";
				"PROVISIONING_PROFILE_SPECIFIER[sdk=iphoneos*]" = dev_Bloom;
				SWIFT_EMIT_LOC_STRINGS = YES;
				SWIFT_VERSION = 5.0;
				TARGETED_DEVICE_FAMILY = "1,2";
			};
			name = Debug;
		};
		3E9AA05E2C118DFA0099E093 /* Release */ = {
			isa = XCBuildConfiguration;
			buildSettings = {
				ASSETCATALOG_COMPILER_APPICON_NAME = AppIcon;
				ASSETCATALOG_COMPILER_GLOBAL_ACCENT_COLOR_NAME = AccentColor;
				"CODE_SIGN_IDENTITY[sdk=iphoneos*]" = "iPhone Developer";
				CODE_SIGN_STYLE = Manual;
				CURRENT_PROJECT_VERSION = 1;
				DEVELOPMENT_ASSET_PATHS = "\"Bloom/Preview Content\"";
				DEVELOPMENT_TEAM = "";
				"DEVELOPMENT_TEAM[sdk=iphoneos*]" = CP9THWX4QS;
				ENABLE_PREVIEWS = YES;
				GENERATE_INFOPLIST_FILE = YES;
				INFOPLIST_FILE = Bloom/Info.plist;
				INFOPLIST_KEY_UIApplicationSceneManifest_Generation = YES;
				INFOPLIST_KEY_UIApplicationSupportsIndirectInputEvents = YES;
				INFOPLIST_KEY_UILaunchScreen_Generation = YES;
				INFOPLIST_KEY_UISupportedInterfaceOrientations_iPad = "UIInterfaceOrientationPortrait UIInterfaceOrientationPortraitUpsideDown UIInterfaceOrientationLandscapeLeft UIInterfaceOrientationLandscapeRight";
				INFOPLIST_KEY_UISupportedInterfaceOrientations_iPhone = "UIInterfaceOrientationPortrait UIInterfaceOrientationLandscapeLeft UIInterfaceOrientationLandscapeRight";
				IPHONEOS_DEPLOYMENT_TARGET = 17.2;
				LD_RUNPATH_SEARCH_PATHS = (
					"$(inherited)",
					"@executable_path/Frameworks",
				);
				MARKETING_VERSION = 1.0;
				PRODUCT_BUNDLE_IDENTIFIER = org.kibwa.dsb.Bloom;
				PRODUCT_NAME = "$(TARGET_NAME)";
				PROVISIONING_PROFILE_SPECIFIER = "";
				"PROVISIONING_PROFILE_SPECIFIER[sdk=iphoneos*]" = dev_Bloom;
				SWIFT_EMIT_LOC_STRINGS = YES;
				SWIFT_VERSION = 5.0;
				TARGETED_DEVICE_FAMILY = "1,2";
			};
			name = Release;
		};
/* End XCBuildConfiguration section */

/* Begin XCConfigurationList section */
		3E9AA0492C118DF80099E093 /* Build configuration list for PBXProject "Bloom" */ = {
			isa = XCConfigurationList;
			buildConfigurations = (
				3E9AA05A2C118DFA0099E093 /* Debug */,
				3E9AA05B2C118DFA0099E093 /* Release */,
			);
			defaultConfigurationIsVisible = 0;
			defaultConfigurationName = Release;
		};
		3E9AA05C2C118DFA0099E093 /* Build configuration list for PBXNativeTarget "Bloom" */ = {
			isa = XCConfigurationList;
			buildConfigurations = (
				3E9AA05D2C118DFA0099E093 /* Debug */,
				3E9AA05E2C118DFA0099E093 /* Release */,
			);
			defaultConfigurationIsVisible = 0;
			defaultConfigurationName = Release;
		};
/* End XCConfigurationList section */
	};
	rootObject = 3E9AA0462C118DF80099E093 /* Project object */;
}
